
Microsoft Visual Studio Solution File, Format Version 12.00
# Visual Studio Version 16
VisualStudioVersion = 16.0.30011.22
MinimumVisualStudioVersion = 10.0.40219.1
Project("{FAE04EC0-301F-11D3-BF4B-00C04F79EFBC}") = "Scival", "Scival.csproj", "{80E80344-AFFF-4A32-ACAC-007CC9FF7ED0}"
EndProject
Project("{FAE04EC0-301F-11D3-BF4B-00C04F79EFBC}") = "MySqlDal", "..\MySqlDal\MySqlDal.csproj", "{9126C3F5-81F3-4E7D-BB5B-9C8ABB072873}"
EndProject
Global
	GlobalSection(SolutionConfigurationPlatforms) = preSolution
		Debug|Any CPU = Debug|Any CPU
		Release|Any CPU = Release|Any CPU
	EndGlobalSection
	GlobalSection(ProjectConfigurationPlatforms) = postSolution
		{80E80344-AFFF-4A32-ACAC-007CC9FF7ED0}.Debug|Any CPU.ActiveCfg = Debug|Any CPU
		{80E80344-AFFF-4A32-ACAC-007CC9FF7ED0}.Debug|Any CPU.Build.0 = Debug|Any CPU
		{80E80344-AFFF-4A32-ACAC-007CC9FF7ED0}.Release|Any CPU.ActiveCfg = Release|Any CPU
		{80E80344-AFFF-4A32-ACAC-007CC9FF7ED0}.Release|Any CPU.Build.0 = Release|Any CPU
		{9126C3F5-81F3-4E7D-BB5B-9C8ABB072873}.Debug|Any CPU.ActiveCfg = Debug|Any CPU
		{9126C3F5-81F3-4E7D-BB5B-9C8ABB072873}.Debug|Any CPU.Build.0 = Debug|Any CPU
		{9126C3F5-81F3-4E7D-BB5B-9C8ABB072873}.Release|Any CPU.ActiveCfg = Release|Any CPU
		{9126C3F5-81F3-4E7D-BB5B-9C8ABB072873}.Release|Any CPU.Build.0 = Release|Any CPU
	EndGlobalSection
	GlobalSection(SolutionProperties) = preSolution
		HideSolutionNode = FALSE
	EndGlobalSection
	GlobalSection(ExtensibilityGlobals) = postSolution
		SolutionGuid = {A8BE95BD-68C7-40D1-99A5-74458FA5E8BC}
	EndGlobalSection
EndGlobal
